{
    "_meta": {
        "hash": {
            "sha256": "58ed0af0f529ee3e95e4106050c9e712d08d981684ffe21c57d334e3f688b7fe"
        },
        "pipfile-spec": 6,
        "requires": {},
        "sources": [
            {
                "name": "galaxy",
                "url": "https://wheels.galaxyproject.org/simple",
                "verify_ssl": true
            },
            {
                "name": "pypi",
                "url": "https://pypi.python.org/simple",
                "verify_ssl": true
            }
        ]
    },
    "default": {
        "alabaster": {
            "hashes": [
                "sha256:446438bdcca0e05bd45ea2de1668c1d9b032e1a9154c2c259092d77031ddd359",
                "sha256:a661d72d58e6ea8a57f7a86e37d86716863ee5e92788398526d58b26a4e4dc02"
            ],
            "version": "==0.7.12"
        },
        "argh": {
            "hashes": [
                "sha256:a9b3aaa1904eeb78e32394cd46c6f37ac0fb4af6dc488daa58971bdc7d7fcaf3",
                "sha256:e9535b8c84dc9571a48999094fda7f33e63c3f1b74f3e5f3ac0105a58405bb65"
            ],
            "version": "==0.26.2"
        },
        "babel": {
            "hashes": [
                "sha256:9d35c22fcc79893c3ecc85ac4a56cde1ecf3f19c540bba0922308a6c06ca6fa5",
                "sha256:da031ab54472314f210b0adcff1588ee5d1d1d0ba4dbd07b94dba82bde791e05"
            ],
            "version": "==2.9.0"
        },
        "certifi": {
            "hashes": [
                "sha256:1a4995114262bffbc2413b159f2a1a480c969de6e6eb13ee966d470af86af59c",
                "sha256:719a74fb9e33b9bd44cc7f3a8d94bc35e4049deebe19ba7d8e108280cfd59830"
            ],
            "version": "==2020.12.5"
        },
        "chardet": {
            "hashes": [
                "sha256:0d6f53a15db4120f2b08c94f11e7d93d2c911ee118b6b30a04ec3ee8310179fa",
                "sha256:f864054d66fd9118f2e67044ac8981a54775ec5b67aed0441892edb553d21da5"
            ],
            "version": "==4.0.0"
        },
        "commonmark": {
            "hashes": [
                "sha256:34d73ec8085923c023930dfc0bcd1c4286e28a2a82de094bb72fabcc0281cbe5"
            ],
            "version": "==0.5.4"
        },
        "docutils": {
            "hashes": [
                "sha256:0c5b78adfbf7762415433f5515cd5c9e762339e23369dbe8000d84a4bf4ab3af",
                "sha256:c2de3a60e9e7d07be26b7f2b00ca0309c207e06c100f9cc2a94931fc75a478fc"
            ],
            "version": "==0.16"
        },
        "funcsigs": {
            "hashes": [
                "sha256:330cc27ccbf7f1e992e69fef78261dc7c6569012cf397db8d3de0234e6c937ca",
                "sha256:a7bb0f2cf3a3fd1ab2732cb49eba4252c2af4240442415b4abce3b87022a8f50"
            ],
            "markers": "python_version < '3.3'",
            "version": "==1.0.2"
        },
        "idna": {
            "hashes": [
                "sha256:b307872f855b18632ce0c21c5e45be78c0ea7ae4c15c828c20788b26921eb3f6",
                "sha256:b97d804b1e9b523befed77c48dacec60e6dcb0b5391d57af6a65a312a90648c0"
            ],
            "version": "==2.10"
        },
        "imagesize": {
            "hashes": [
                "sha256:6965f19a6a2039c7d48bca7dba2473069ff854c36ae6f19d2cde309d998228a1",
                "sha256:b1f6b5a4eab1f73479a50fb79fcf729514a900c341d8503d62a62dbc4127a2b1"
            ],
            "version": "==1.2.0"
        },
        "jinja2": {
            "hashes": [
                "sha256:03e47ad063331dd6a3f04a43eddca8a966a26ba0c5b7207a9a9e4e08f1b29419",
                "sha256:a6d58433de0ae800347cab1fa3043cebbabe8baa9d29e668f1c768cb87a333c6"
            ],
            "version": "==2.11.3"
        },
        "lxml": {
            "hashes": [
                "sha256:01c45df6d90497c20aa2a07789a41941f9a1029faa30bf725fc7f6d515b1afe9",
                "sha256:0c9fef4f8d444e337df96c54544aeb85b7215b2ed7483bb6c35de97ac99f1bcd",
                "sha256:0e3cd94c95d30ba9ca3cff40e9b2a14e1a10a4fd8131105b86c6b61648f57e4b",
                "sha256:0e7996e9b46b4d8b4ac1c329a00e2d10edcd8380b95d2a676fccabf4c1dd0512",
                "sha256:1858b1933d483ec5727549d3fe166eeb54229fbd6a9d3d7ea26d2c8a28048058",
                "sha256:1b164bba1320b14905dcff77da10d5ce9c411ac4acc4fb4ed9a2a4d10fae38c9",
                "sha256:1b46f37927fa6cd1f3fe34b54f1a23bd5bea1d905657289e08e1297069a1a597",
                "sha256:231047b05907315ae9a9b6925751f9fd2c479cf7b100fff62485a25e382ca0d4",
                "sha256:28f0c6652c1b130f1e576b60532f84b19379485eb8da6185c29bd8c9c9bc97bf",
                "sha256:34d49d0f72dd82b9530322c48b70ac78cca0911275da741c3b1d2f3603c5f295",
                "sha256:3682a17fbf72d56d7e46db2e80ca23850b79c28cfe75dcd9b82f58808f730909",
                "sha256:3cf2830b9a6ad7f6e965fa53a768d4d2372a7856f20ffa6ce43d2fe9c0d34b19",
                "sha256:5b653c9379ce29ce271fbe1010c5396670f018e78b643e21beefbb3dc6d291de",
                "sha256:65a272821d5d8194358d6b46f3ca727fa56a6b63981606eac737c86d27309cdd",
                "sha256:691f2cd97cf026c611df1ea5055755eec7f878f2d4f4330dc8686583de6fc5fd",
                "sha256:6b6379495d3baacf7ed755ac68547c8dff6ce5d37bf370f0b7678888dc1283f9",
                "sha256:75322a531504d4f383264391d89993a42e286da8821ddc5ac315e57305cb84f0",
                "sha256:7f457cbda964257f443bac861d3a36732dcba8183149e7818ee2fb7c86901b94",
                "sha256:7ff1fc76d8804e0f870c343a72007ff587090c218b0f92d8ee784ac2b6eaf5b9",
                "sha256:8523fbde9c2216f3f2b950cb01ebe52e785eaa8a07ffeb456dd3576ca1b4fb9b",
                "sha256:8f37627f16e026523fca326f1b5c9a43534862fede6c3e99c2ba6a776d75c1ab",
                "sha256:a7182ea298cc3555ea56ffbb0748fe0d5e0d81451e2bc16d7f4645cd01b1ca70",
                "sha256:abbd2fb4a5a04c11b5e04eb146659a0cf67bb237dd3d7ca3b9994d3a9f826e55",
                "sha256:accc9f6b77bed0a6f267b4fae120f6008a951193d548cdbe9b61fc98a08b1cf8",
                "sha256:bd88c8ce0d1504fdfd96a35911dd4f3edfb2e560d7cfdb5a3d09aa571ae5fbae",
                "sha256:c557ad647facb3c0027a9d0af58853f905e85a0a2f04dcb73f8e665272fcdc3a",
                "sha256:defabb7fbb99f9f7b3e0b24b286a46855caef4776495211b066e9e6592d12b04",
                "sha256:e2629cdbcad82b83922a3488937632a4983ecc0fed3e5cfbf430d069382eeb9b"
            ],
            "index": "galaxy",
            "version": "==4.2.1"
        },
        "markupsafe": {
            "hashes": [
                "sha256:00bc623926325b26bb9605ae9eae8a215691f33cae5df11ca5424f06f2d1f473",
                "sha256:09027a7803a62ca78792ad89403b1b7a73a01c8cb65909cd876f7fcebd79b161",
                "sha256:09c4b7f37d6c648cb13f9230d847adf22f8171b1ccc4d5682398e77f40309235",
                "sha256:1027c282dad077d0bae18be6794e6b6b8c91d58ed8a8d89a89d59693b9131db5",
                "sha256:13d3144e1e340870b25e7b10b98d779608c02016d5184cfb9927a9f10c689f42",
                "sha256:195d7d2c4fbb0ee8139a6cf67194f3973a6b3042d742ebe0a9ed36d8b6f0c07f",
                "sha256:22c178a091fc6630d0d045bdb5992d2dfe14e3259760e713c490da5323866c39",
                "sha256:24982cc2533820871eba85ba648cd53d8623687ff11cbb805be4ff7b4c971aff",
                "sha256:29872e92839765e546828bb7754a68c418d927cd064fd4708fab9fe9c8bb116b",
                "sha256:2beec1e0de6924ea551859edb9e7679da6e4870d32cb766240ce17e0a0ba2014",
                "sha256:3b8a6499709d29c2e2399569d96719a1b21dcd94410a586a18526b143ec8470f",
                "sha256:43a55c2930bbc139570ac2452adf3d70cdbb3cfe5912c71cdce1c2c6bbd9c5d1",
                "sha256:46c99d2de99945ec5cb54f23c8cd5689f6d7177305ebff350a58ce5f8de1669e",
                "sha256:500d4957e52ddc3351cabf489e79c91c17f6e0899158447047588650b5e69183",
                "sha256:535f6fc4d397c1563d08b88e485c3496cf5784e927af890fb3c3aac7f933ec66",
                "sha256:596510de112c685489095da617b5bcbbac7dd6384aeebeda4df6025d0256a81b",
                "sha256:62fe6c95e3ec8a7fad637b7f3d372c15ec1caa01ab47926cfdf7a75b40e0eac1",
                "sha256:6788b695d50a51edb699cb55e35487e430fa21f1ed838122d722e0ff0ac5ba15",
                "sha256:6dd73240d2af64df90aa7c4e7481e23825ea70af4b4922f8ede5b9e35f78a3b1",
                "sha256:6f1e273a344928347c1290119b493a1f0303c52f5a5eae5f16d74f48c15d4a85",
                "sha256:6fffc775d90dcc9aed1b89219549b329a9250d918fd0b8fa8d93d154918422e1",
                "sha256:717ba8fe3ae9cc0006d7c451f0bb265ee07739daf76355d06366154ee68d221e",
                "sha256:79855e1c5b8da654cf486b830bd42c06e8780cea587384cf6545b7d9ac013a0b",
                "sha256:7c1699dfe0cf8ff607dbdcc1e9b9af1755371f92a68f706051cc8c37d447c905",
                "sha256:7fed13866cf14bba33e7176717346713881f56d9d2bcebab207f7a036f41b850",
                "sha256:84dee80c15f1b560d55bcfe6d47b27d070b4681c699c572af2e3c7cc90a3b8e0",
                "sha256:88e5fcfb52ee7b911e8bb6d6aa2fd21fbecc674eadd44118a9cc3863f938e735",
                "sha256:8defac2f2ccd6805ebf65f5eeb132adcf2ab57aa11fdf4c0dd5169a004710e7d",
                "sha256:98bae9582248d6cf62321dcb52aaf5d9adf0bad3b40582925ef7c7f0ed85fceb",
                "sha256:98c7086708b163d425c67c7a91bad6e466bb99d797aa64f965e9d25c12111a5e",
                "sha256:9add70b36c5666a2ed02b43b335fe19002ee5235efd4b8a89bfcf9005bebac0d",
                "sha256:9bf40443012702a1d2070043cb6291650a0841ece432556f784f004937f0f32c",
                "sha256:a6a744282b7718a2a62d2ed9d993cad6f5f585605ad352c11de459f4108df0a1",
                "sha256:acf08ac40292838b3cbbb06cfe9b2cb9ec78fce8baca31ddb87aaac2e2dc3bc2",
                "sha256:ade5e387d2ad0d7ebf59146cc00c8044acbd863725f887353a10df825fc8ae21",
                "sha256:b00c1de48212e4cc9603895652c5c410df699856a2853135b3967591e4beebc2",
                "sha256:b1282f8c00509d99fef04d8ba936b156d419be841854fe901d8ae224c59f0be5",
                "sha256:b1dba4527182c95a0db8b6060cc98ac49b9e2f5e64320e2b56e47cb2831978c7",
                "sha256:b2051432115498d3562c084a49bba65d97cf251f5a331c64a12ee7e04dacc51b",
                "sha256:b7d644ddb4dbd407d31ffb699f1d140bc35478da613b441c582aeb7c43838dd8",
                "sha256:ba59edeaa2fc6114428f1637ffff42da1e311e29382d81b339c1817d37ec93c6",
                "sha256:bf5aa3cbcfdf57fa2ee9cd1822c862ef23037f5c832ad09cfea57fa846dec193",
                "sha256:c8716a48d94b06bb3b2524c2b77e055fb313aeb4ea620c8dd03a105574ba704f",
                "sha256:caabedc8323f1e93231b52fc32bdcde6db817623d33e100708d9a68e1f53b26b",
                "sha256:cd5df75523866410809ca100dc9681e301e3c27567cf498077e8551b6d20e42f",
                "sha256:cdb132fc825c38e1aeec2c8aa9338310d29d337bebbd7baa06889d09a60a1fa2",
                "sha256:d53bc011414228441014aa71dbec320c66468c1030aae3a6e29778a3382d96e5",
                "sha256:d73a845f227b0bfe8a7455ee623525ee656a9e2e749e4742706d80a6065d5e2c",
                "sha256:d9be0ba6c527163cbed5e0857c451fcd092ce83947944d6c14bc95441203f032",
                "sha256:e249096428b3ae81b08327a63a485ad0878de3fb939049038579ac0ef61e17e7",
                "sha256:e8313f01ba26fbbe36c7be1966a7b7424942f670f38e666995b88d012765b9be",
                "sha256:feb7b34d6325451ef96bc0e36e1a6c0c1c64bc1fbec4b854f4529e51887b1621"
            ],
            "version": "==1.1.1"
        },
        "mock": {
            "hashes": [
                "sha256:5ce3c71c5545b472da17b72268978914d0252980348636840bd34a00b5cc96c1",
                "sha256:b158b6df76edd239b8208d481dc46b6afd45a846b7812ff0ce58971cf5bc8bba"
            ],
            "index": "galaxy",
            "version": "==2.0.0"
        },
        "nodeenv": {
            "hashes": [
                "sha256:dd0a34001090ff042cfdb4b0c8d6a6f7ec9baa49733f00b695bb8a8b4700ba6c"
            ],
            "index": "galaxy",
            "version": "==1.3.0"
        },
        "nose": {
            "hashes": [
                "sha256:9ff7c6cc443f8c51994b34a667bbcf45afd6d945be7477b52e97516fd17c53ac",
                "sha256:c5a2d5584c1c3198373cbb5bba8b28cc96c094009f9839c166d1c4e623b2dcbe",
                "sha256:dadcddc0aefbf99eea214e0f1232b94f2fa9bd98fa8353711dacb112bfcbbb2a",
                "sha256:f1bffef9cbc82628f6e7d7b40d7e255aefaa1adb6a1b1d26c69a8b79e6208a98",
                "sha256:f36054c5786e84ff6b131f3249a3cce82787f1a930ab053287c0edaa9f840d0f"
            ],
            "version": "==1.3.7"
        },
        "nosehtml": {
            "hashes": [
                "sha256:056f5d88f80e47cc85f1ca8fb671899360537b2eae0ecd802daadc618871b7a2",
                "sha256:fa01ac39070500623ccad3e63e9db660268f20c0b4eff24c8ac6f6bee71fab36"
            ],
            "index": "galaxy",
            "version": "==0.4.4"
        },
        "pathtools": {
            "hashes": [
                "sha256:7c35c5421a39bb82e58018febd90e3b6e5db34c5443aaaf742b3f33d4655f1c0"
            ],
            "version": "==0.1.2"
        },
        "pbr": {
            "hashes": [
                "sha256:5fad80b613c402d5b7df7bd84812548b2a61e9977387a80a5fc5c396492b13c9",
                "sha256:b236cde0ac9a6aedd5e3c34517b423cd4fd97ef723849da6b0d2231142d89c00"
            ],
            "version": "==5.5.1"
        },
        "pygithub3": {
            "hashes": [
                "sha256:5669a4cdbf4b3192716442e2224db45ecd1639e42f990739ddfa8f2ca3f7ba87"
            ],
            "index": "galaxy",
            "markers": "python_version < '3'",
            "version": "==0.5.1"
        },
        "pygments": {
            "hashes": [
                "sha256:2a3fe295e54a20164a9df49c75fa58526d3be48e14aceba6d6b1e8ac0bfd6f1b",
                "sha256:98c8aa5a9f778fcd1026a17361ddaf7330d1b7c62ae97c3bb0ae73e0b9b6b0fe"
            ],
            "version": "==2.5.2"
        },
        "pytz": {
            "hashes": [
                "sha256:83a4a90894bf38e243cf052c8b58f381bfe9a7a483f6a9cab140bc7f702ac4da",
                "sha256:eb10ce3e7736052ed3623d49975ce333bcd712c7bb19a58b9e2089d4057d0798"
            ],
            "version": "==2021.1"
        },
        "pyyaml": {
            "hashes": [
                "sha256:02c78d77281d8f8d07a255e57abdbf43b02257f59f50cc6b636937d68efa5dd0",
                "sha256:0dc9f2eb2e3c97640928dec63fd8dc1dd91e6b6ed236bd5ac00332b99b5c2ff9",
                "sha256:124fd7c7bc1e95b1eafc60825f2daf67c73ce7b33f1194731240d24b0d1bf628",
                "sha256:26fcb33776857f4072601502d93e1a619f166c9c00befb52826e7b774efaa9db",
                "sha256:31ba07c54ef4a897758563e3a0fcc60077698df10180abe4b8165d9895c00ebf",
                "sha256:3c49e39ac034fd64fd576d63bb4db53cda89b362768a67f07749d55f128ac18a",
                "sha256:52bf0930903818e600ae6c2901f748bc4869c0c406056f679ab9614e5d21a166",
                "sha256:5a3f345acff76cad4aa9cb171ee76c590f37394186325d53d1aa25318b0d4a09",
                "sha256:5e7ac4e0e79a53451dc2814f6876c2fa6f71452de1498bbe29c0b54b69a986f4",
                "sha256:7242790ab6c20316b8e7bb545be48d7ed36e26bbe279fd56f2c4a12510e60b4b",
                "sha256:737bd70e454a284d456aa1fa71a0b429dd527bcbf52c5c33f7c8eee81ac16b89",
                "sha256:8635d53223b1f561b081ff4adecb828fd484b8efffe542edcfdff471997f7c39",
                "sha256:8b818b6c5a920cbe4203b5a6b14256f0e5244338244560da89b7b0f1313ea4b6",
                "sha256:8bf38641b4713d77da19e91f8b5296b832e4db87338d6aeffe422d42f1ca896d",
                "sha256:a36a48a51e5471513a5aea920cdad84cbd56d70a5057cca3499a637496ea379c",
                "sha256:b2243dd033fd02c01212ad5c601dafb44fbb293065f430b0d3dbf03f3254d615",
                "sha256:cc547d3ead3754712223abb7b403f0a184e4c3eae18c9bb7fd15adef1597cc4b",
                "sha256:cc552b6434b90d9dbed6a4f13339625dc466fd82597119897e9489c953acbc22",
                "sha256:f3790156c606299ff499ec44db422f66f05a7363b39eb9d5b064f17bd7d7c47b",
                "sha256:f7a21e3d99aa3095ef0553e7ceba36fb693998fbb1226f1392ce33681047465f",
                "sha256:fdc6b2cb4b19e431994f25a9160695cc59a4e861710cc6fc97161c5e845fc579"
            ],
            "index": "galaxy",
            "version": "==5.4"
        },
        "recommonmark": {
            "hashes": [
                "sha256:6e29c723abcf5533842376d87c4589e62923ecb6002a8e059eb608345ddaff9d",
                "sha256:cd8bf902e469dae94d00367a8197fb7b81fcabc9cfb79d520e0d22d0fbeaa8b7"
            ],
            "index": "galaxy",
            "version": "==0.4.0"
        },
        "requests": {
            "hashes": [
                "sha256:27973dd4a904a4f13b263a19c866c13b92a39ed1c964655f025f3f8d3d75b804",
                "sha256:c210084e36a42ae6b9219e00e48287def368a26d03a048ddad7bfee44f75871e"
            ],
            "version": "==2.25.1"
        },
        "selenium": {
            "hashes": [
                "sha256:2b6f018e55f50e9c67a67caec2f73f806f72c162fb38cf3ea79e0a8f6506bf56",
                "sha256:5841fb30c3965866220c34d16de8e3d091e2833fcac385160a63db0c3522a297"
            ],
            "index": "galaxy",
            "version": "==3.11.0"
        },
        "six": {
            "hashes": [
                "sha256:30639c035cdb23534cd4aa2dd52c3bf48f06e5f4a941509c8bafd8ce11080259",
                "sha256:8b74bedcbbbaca38ff6d7491d76f2b06b3592611af620f8426e82dddb04a5ced"
            ],
            "version": "==1.15.0"
        },
        "snowballstemmer": {
            "hashes": [
                "sha256:b51b447bea85f9968c13b650126a888aabd4cb4463fca868ec596826325dedc2",
                "sha256:e997baa4f2e9139951b6f4c631bad912dfd3c792467e2f03d7239464af90e914"
            ],
            "version": "==2.1.0"
        },
        "sphinx": {
            "hashes": [
                "sha256:832bed0dc6099c2abca957d90ff55bc1a6ec4425c13fc144adbae68a970e3775",
                "sha256:d5b91b4dad56ffc9f19425ebaa7bc23290a0a2e9035781d5bc54822384663277"
            ],
            "index": "galaxy",
            "version": "==1.6.7"
        },
        "sphinx-rtd-theme": {
            "hashes": [
                "sha256:220dbf14814001c6475f0c6c25ac4129a18fb5e3681251a7c6ffb1646da5cc30",
                "sha256:665135dfbdf8f1d218442458a18cf266444354b8c98eed93d1543f7e701cfdba"
            ],
            "index": "galaxy",
            "version": "==0.3.0"
        },
        "sphinxcontrib-websupport": {
            "hashes": [
                "sha256:1501befb0fdf1d1c29a800fdbf4ef5dc5369377300ddbdd16d2cd40e54c6eefc",
                "sha256:e02f717baf02d0b6c3dd62cf81232ffca4c9d5c331e03766982e3ff9f1d2bc3f"
            ],
            "version": "==1.1.2"
        },
        "testfixtures": {
            "hashes": [
                "sha256:dd3fdc1b252df3ba5a03a8504b942890abe5d9b1755bc280d0bb8aa9fe914371",
                "sha256:f6c4cf24d043f9d8e9a9337371ec1d2f6638a0032504bd67dbd724224fd64969"
            ],
            "index": "galaxy",
            "version": "==6.0.0"
        },
        "twill": {
            "hashes": [
                "sha256:05a673498be25d5e6292559f47cbf1b7b424e1d7c454f36efc3cc6324ee0bfc1",
                "sha256:7809e4509e8c333c21581245494109eee18d2a9dd377c54f5050bbfa009d28c2",
                "sha256:d2df51cc4eca5a6dec0a2af3817b236655558deff9542fc3d7653d16c8d5ba7e"
            ],
            "index": "galaxy",
            "markers": "python_version < '3'",
            "version": "==0.9.1"
        },
        "typing": {
            "hashes": [
                "sha256:1187fb9c82fd670d10aa07bbb6cfcfe4bdda42d6fab8d5134f04e8c4d0b71cc9",
                "sha256:283d868f5071ab9ad873e5e52268d611e851c870a2ba354193026f2dfb29d8b5"
            ],
            "markers": "python_version < '3.5'",
            "version": "==3.7.4.3"
        },
        "urllib3": {
            "hashes": [
                "sha256:2f4da4594db7e1e110a944bb1b551fdf4e6c136ad42e4234131391e21eb5b0df",
                "sha256:e7b021f7241115872f92f43c6508082facffbd1c048e3c6e2bb9c2a157e28937"
            ],
            "version": "==1.26.4"
        },
        "watchdog": {
            "hashes": [
                "sha256:06a7f94de694d5e8fe2bc077e7530fa7c87163cd90c8c1f38a7dcc6fe550104d",
                "sha256:36f1cb5c72ffa5ecf92e35f936b293f3d04dffbe2b55567fbca6bdea1ee84cb4",
                "sha256:7e65882adb7746039b6f3876ee174952f8eaaa34491ba34333ddf1fe35de4162"
            ],
            "index": "galaxy",
            "version": "==0.8.3"
        }
    },
    "develop": {}
}
